{
    "version": 3,
    "terraform_version": "0.11.7",
    "serial": 42,
    "lineage": "2863983a-adb1-b20c-84a5-fd655be96d0d",
    "modules": [
        {
            "path": [
                "root"
            ],
            "outputs": {
                "ALB-DNS": {
                    "sensitive": false,
                    "type": "string",
                    "value": "EXT-ALB-939401372.us-west-2.elb.amazonaws.com"
                },
                "MGT-IP-FW-1": {
                    "sensitive": false,
                    "type": "string",
                    "value": "18.236.15.161"
                },
                "MGT-IP-FW-2": {
                    "sensitive": false,
                    "type": "string",
                    "value": "34.218.3.148"
                },
                "NLB-DNS": {
                    "sensitive": false,
                    "type": "string",
                    "value": "INT-NLB-c26acec8bf726416.elb.us-west-2.amazonaws.com"
                }
            },
            "resources": {
                "aws_eip.FW1-MGT": {
                    "type": "aws_eip",
                    "depends_on": [
                        "aws_internet_gateway.gw",
                        "aws_vpc.main"
                    ],
                    "primary": {
                        "id": "eipalloc-825018be",
                        "attributes": {
                            "association_id": "eipassoc-cc493501",
                            "domain": "vpc",
                            "id": "eipalloc-825018be",
                            "instance": "i-024c2c016c810bcf4",
                            "network_interface": "eni-e16fd11d",
                            "private_ip": "10.0.0.10",
                            "public_ip": "18.236.15.161",
                            "tags.%": "0",
                            "vpc": "true"
                        },
                        "meta": {
                            "e2bfb730-ecaa-11e6-8f88-34363bc7c4c0": {
                                "delete": 180000000000,
                                "read": 900000000000,
                                "update": 300000000000
                            }
                        },
                        "tainted": false
                    },
                    "deposed": [],
                    "provider": "provider.aws"
                },
                "aws_eip.FW1-PUB": {
                    "type": "aws_eip",
                    "depends_on": [
                        "aws_internet_gateway.gw",
                        "aws_vpc.main"
                    ],
                    "primary": {
                        "id": "eipalloc-1c541c20",
                        "attributes": {
                            "association_id": "eipassoc-76532fbb",
                            "domain": "vpc",
                            "id": "eipalloc-1c541c20",
                            "instance": "i-024c2c016c810bcf4",
                            "network_interface": "eni-8a6dd376",
                            "private_ip": "10.0.1.10",
                            "public_ip": "35.167.1.48",
                            "tags.%": "0",
                            "vpc": "true"
                        },
                        "meta": {
                            "e2bfb730-ecaa-11e6-8f88-34363bc7c4c0": {
                                "delete": 180000000000,
                                "read": 900000000000,
                                "update": 300000000000
                            }
                        },
                        "tainted": false
                    },
                    "deposed": [],
                    "provider": "provider.aws"
                },
                "aws_eip.FW2-MGT": {
                    "type": "aws_eip",
                    "depends_on": [
                        "aws_internet_gateway.gw",
                        "aws_vpc.main"
                    ],
                    "primary": {
                        "id": "eipalloc-23541c1f",
                        "attributes": {
                            "association_id": "eipassoc-dbb6ec27",
                            "domain": "vpc",
                            "id": "eipalloc-23541c1f",
                            "instance": "i-02591be306b1334c1",
                            "network_interface": "eni-0ecca2e4",
                            "private_ip": "10.0.10.10",
                            "public_ip": "34.218.3.148",
                            "tags.%": "0",
                            "vpc": "true"
                        },
                        "meta": {
                            "e2bfb730-ecaa-11e6-8f88-34363bc7c4c0": {
                                "delete": 180000000000,
                                "read": 900000000000,
                                "update": 300000000000
                            }
                        },
                        "tainted": false
                    },
                    "deposed": [],
                    "provider": "provider.aws"
                },
                "aws_eip.FW2-PUB": {
                    "type": "aws_eip",
                    "depends_on": [
                        "aws_internet_gateway.gw",
                        "aws_vpc.main"
                    ],
                    "primary": {
                        "id": "eipalloc-2a511916",
                        "attributes": {
                            "association_id": "eipassoc-31b3e9cd",
                            "domain": "vpc",
                            "id": "eipalloc-2a511916",
                            "instance": "i-02591be306b1334c1",
                            "network_interface": "eni-c6cba52c",
                            "private_ip": "10.0.11.10",
                            "public_ip": "35.166.87.166",
                            "tags.%": "0",
                            "vpc": "true"
                        },
                        "meta": {
                            "e2bfb730-ecaa-11e6-8f88-34363bc7c4c0": {
                                "delete": 180000000000,
                                "read": 900000000000,
                                "update": 300000000000
                            }
                        },
                        "tainted": false
                    },
                    "deposed": [],
                    "provider": "provider.aws"
                },
                "aws_eip_association.FW1-TRUST-Association": {
                    "type": "aws_eip_association",
                    "depends_on": [
                        "aws_eip.FW1-MGT",
                        "aws_network_interface.FW1-MGT"
                    ],
                    "primary": {
                        "id": "eipassoc-cc493501",
                        "attributes": {
                            "allocation_id": "eipalloc-825018be",
                            "id": "eipassoc-cc493501",
                            "instance_id": "i-024c2c016c810bcf4",
                            "network_interface_id": "eni-e16fd11d",
                            "private_ip_address": "10.0.0.10",
                            "public_ip": "18.236.15.161"
                        },
                        "meta": {},
                        "tainted": false
                    },
                    "deposed": [],
                    "provider": "provider.aws"
                },
                "aws_eip_association.FW1-UNTRUST-Association": {
                    "type": "aws_eip_association",
                    "depends_on": [
                        "aws_eip.FW1-PUB",
                        "aws_network_interface.FW1-UNTRUST"
                    ],
                    "primary": {
                        "id": "eipassoc-76532fbb",
                        "attributes": {
                            "allocation_id": "eipalloc-1c541c20",
                            "id": "eipassoc-76532fbb",
                            "instance_id": "i-024c2c016c810bcf4",
                            "network_interface_id": "eni-8a6dd376",
                            "private_ip_address": "10.0.1.10",
                            "public_ip": "35.167.1.48"
                        },
                        "meta": {},
                        "tainted": false
                    },
                    "deposed": [],
                    "provider": "provider.aws"
                },
                "aws_eip_association.FW2-TRUST-Association": {
                    "type": "aws_eip_association",
                    "depends_on": [
                        "aws_eip.FW2-MGT",
                        "aws_network_interface.FW2-MGT"
                    ],
                    "primary": {
                        "id": "eipassoc-dbb6ec27",
                        "attributes": {
                            "allocation_id": "eipalloc-23541c1f",
                            "id": "eipassoc-dbb6ec27",
                            "instance_id": "i-02591be306b1334c1",
                            "network_interface_id": "eni-0ecca2e4",
                            "private_ip_address": "10.0.10.10",
                            "public_ip": "34.218.3.148"
                        },
                        "meta": {},
                        "tainted": false
                    },
                    "deposed": [],
                    "provider": "provider.aws"
                },
                "aws_eip_association.FW2-UNTRUST-Association": {
                    "type": "aws_eip_association",
                    "depends_on": [
                        "aws_eip.FW2-PUB",
                        "aws_network_interface.FW2-UNTRUST"
                    ],
                    "primary": {
                        "id": "eipassoc-31b3e9cd",
                        "attributes": {
                            "allocation_id": "eipalloc-2a511916",
                            "id": "eipassoc-31b3e9cd",
                            "instance_id": "i-02591be306b1334c1",
                            "network_interface_id": "eni-c6cba52c",
                            "private_ip_address": "10.0.11.10",
                            "public_ip": "35.166.87.166"
                        },
                        "meta": {},
                        "tainted": false
                    },
                    "deposed": [],
                    "provider": "provider.aws"
                },
                "aws_iam_instance_profile.FirewallBootstrapInstanceProfile2Tier": {
                    "type": "aws_iam_instance_profile",
                    "depends_on": [
                        "aws_iam_role.FirewallBootstrapRole2Tier"
                    ],
                    "primary": {
                        "id": "FirewallBootstrapInstanceProfile2Tier",
                        "attributes": {
                            "arn": "arn:aws:iam::315800796174:instance-profile/FirewallBootstrapInstanceProfile2Tier",
                            "id": "FirewallBootstrapInstanceProfile2Tier",
                            "name": "FirewallBootstrapInstanceProfile2Tier",
                            "path": "/",
                            "role": "FirewallBootstrapRole2Tier",
                            "roles.#": "1",
                            "roles.2090288173": "FirewallBootstrapRole2Tier",
                            "unique_id": "AIPAIGLGQP5FJGFG5NPPY"
                        },
                        "meta": {},
                        "tainted": false
                    },
                    "deposed": [],
                    "provider": "provider.aws"
                },
                "aws_iam_role.FirewallBootstrapRole2Tier": {
                    "type": "aws_iam_role",
                    "depends_on": [],
                    "primary": {
                        "id": "FirewallBootstrapRole2Tier",
                        "attributes": {
                            "arn": "arn:aws:iam::315800796174:role/FirewallBootstrapRole2Tier",
                            "assume_role_policy": "{\"Version\":\"2012-10-17\",\"Statement\":[{\"Effect\":\"Allow\",\"Principal\":{\"Service\":\"ec2.amazonaws.com\"},\"Action\":\"sts:AssumeRole\"}]}",
                            "create_date": "2018-06-21T17:54:34Z",
                            "force_detach_policies": "false",
                            "id": "FirewallBootstrapRole2Tier",
                            "max_session_duration": "3600",
                            "name": "FirewallBootstrapRole2Tier",
                            "path": "/",
                            "unique_id": "AROAJEGOFJK67V5GVNLK6"
                        },
                        "meta": {},
                        "tainted": false
                    },
                    "deposed": [],
                    "provider": "provider.aws"
                },
                "aws_iam_role_policy.FirewallBootstrapRolePolicy2Tier": {
                    "type": "aws_iam_role_policy",
                    "depends_on": [
                        "aws_iam_role.FirewallBootstrapRole2Tier"
                    ],
                    "primary": {
                        "id": "FirewallBootstrapRole2Tier:FirewallBootstrapRolePolicy2Tier",
                        "attributes": {
                            "id": "FirewallBootstrapRole2Tier:FirewallBootstrapRolePolicy2Tier",
                            "name": "FirewallBootstrapRolePolicy2Tier",
                            "policy": "{\n  \"Version\" : \"2012-10-17\",\n  \"Statement\": [\n    {\n      \"Effect\": \"Allow\",\n      \"Action\": \"s3:ListBucket\",\n      \"Resource\": \"arn:aws:s3:::jfgeneric1\"\n    },\n    {\n    \"Effect\": \"Allow\",\n    \"Action\": \"s3:GetObject\",\n    \"Resource\": \"arn:aws:s3:::jfgeneric1/*\"\n    }\n  ]\n}\n",
                            "role": "FirewallBootstrapRole2Tier"
                        },
                        "meta": {},
                        "tainted": false
                    },
                    "deposed": [],
                    "provider": "provider.aws"
                },
                "aws_instance.PA-VM1": {
                    "type": "aws_instance",
                    "depends_on": [
                        "aws_iam_instance_profile.FirewallBootstrapInstanceProfile2Tier",
                        "aws_network_interface.FW1-MGT",
                        "aws_network_interface.FW1-TRUST",
                        "aws_network_interface.FW1-UNTRUST"
                    ],
                    "primary": {
                        "id": "i-00cd591680178d135",
                        "attributes": {
                            "ami": "ami-9a29b8e2",
                            "associate_public_ip_address": "true",
                            "availability_zone": "us-west-2a",
                            "disable_api_termination": "false",
                            "ebs_block_device.#": "0",
                            "ebs_optimized": "true",
                            "ephemeral_block_device.#": "0",
                            "get_password_data": "false",
                            "iam_instance_profile": "FirewallBootstrapInstanceProfile2Tier",
                            "id": "i-00cd591680178d135",
                            "instance_state": "running",
                            "instance_type": "m4.xlarge",
                            "ipv6_addresses.#": "0",
                            "key_name": "jfranklin2",
                            "monitoring": "false",
                            "network_interface.#": "3",
                            "network_interface.1378133377.delete_on_termination": "false",
                            "network_interface.1378133377.device_index": "0",
                            "network_interface.1378133377.network_interface_id": "eni-e16fd11d",
                            "network_interface.2058227223.delete_on_termination": "false",
                            "network_interface.2058227223.device_index": "1",
                            "network_interface.2058227223.network_interface_id": "eni-8a6dd376",
                            "network_interface.2194096454.delete_on_termination": "false",
                            "network_interface.2194096454.device_index": "2",
                            "network_interface.2194096454.network_interface_id": "eni-096fd1f5",
                            "network_interface_id": "eni-e16fd11d",
                            "password_data": "",
                            "placement_group": "",
                            "primary_network_interface_id": "eni-e16fd11d",
                            "private_dns": "ip-10-0-0-10.us-west-2.compute.internal",
                            "private_ip": "10.0.0.10",
                            "public_dns": "",
                            "public_ip": "18.236.15.161",
                            "root_block_device.#": "1",
                            "root_block_device.0.delete_on_termination": "true",
                            "root_block_device.0.iops": "180",
                            "root_block_device.0.volume_id": "vol-01964f27c834526a8",
                            "root_block_device.0.volume_size": "60",
                            "root_block_device.0.volume_type": "gp2",
                            "security_groups.#": "0",
                            "source_dest_check": "false",
                            "subnet_id": "subnet-91f066da",
                            "tags.%": "1",
                            "tags.Name": "PA-AZ1",
                            "tenancy": "dedicated",
                            "user_data": "eda9f72b8d2af4b57b2ff51aa443e8bbe32546f4",
                            "volume_tags.%": "0",
                            "vpc_security_group_ids.#": "1",
                            "vpc_security_group_ids.2828086687": "sg-41c3fd30"
                        },
                        "meta": {
                            "e2bfb730-ecaa-11e6-8f88-34363bc7c4c0": {
                                "create": 600000000000,
                                "delete": 1200000000000,
                                "update": 600000000000
                            },
                            "schema_version": "1"
                        },
                        "tainted": false
                    },
                    "deposed": [],
                    "provider": "provider.aws"
                },
                "aws_instance.PA-VM2": {
                    "type": "aws_instance",
                    "depends_on": [
                        "aws_iam_instance_profile.FirewallBootstrapInstanceProfile2Tier",
                        "aws_network_interface.FW2-MGT",
                        "aws_network_interface.FW2-TRUST",
                        "aws_network_interface.FW2-UNTRUST"
                    ],
                    "primary": {
                        "id": "i-0d578963708aed116",
                        "attributes": {
                            "ami": "ami-9a29b8e2",
                            "associate_public_ip_address": "true",
                            "availability_zone": "us-west-2b",
                            "disable_api_termination": "false",
                            "ebs_block_device.#": "0",
                            "ebs_optimized": "true",
                            "ephemeral_block_device.#": "0",
                            "get_password_data": "false",
                            "iam_instance_profile": "FirewallBootstrapInstanceProfile2Tier",
                            "id": "i-0d578963708aed116",
                            "instance_initiated_shutdown_behavior": "stop",
                            "instance_state": "running",
                            "instance_type": "m4.xlarge",
                            "ipv6_addresses.#": "0",
                            "key_name": "jfranklin2",
                            "monitoring": "false",
                            "network_interface.#": "3",
                            "network_interface.1584575800.delete_on_termination": "false",
                            "network_interface.1584575800.device_index": "1",
                            "network_interface.1584575800.network_interface_id": "eni-c6cba52c",
                            "network_interface.2448879745.delete_on_termination": "false",
                            "network_interface.2448879745.device_index": "0",
                            "network_interface.2448879745.network_interface_id": "eni-0ecca2e4",
                            "network_interface.4231576719.delete_on_termination": "false",
                            "network_interface.4231576719.device_index": "2",
                            "network_interface.4231576719.network_interface_id": "eni-65cba58f",
                            "network_interface_id": "eni-0ecca2e4",
                            "password_data": "",
                            "placement_group": "",
                            "primary_network_interface_id": "eni-0ecca2e4",
                            "private_dns": "ip-10-0-10-10.us-west-2.compute.internal",
                            "private_ip": "10.0.10.10",
                            "public_dns": "",
                            "public_ip": "34.218.3.148",
                            "root_block_device.#": "1",
                            "root_block_device.0.delete_on_termination": "true",
                            "root_block_device.0.iops": "180",
                            "root_block_device.0.volume_id": "vol-0f6a0b9e56609a1c7",
                            "root_block_device.0.volume_size": "60",
                            "root_block_device.0.volume_type": "gp2",
                            "security_groups.#": "0",
                            "source_dest_check": "false",
                            "subnet_id": "subnet-648df81d",
                            "tags.%": "1",
                            "tags.Name": "PA-AZ2",
                            "tenancy": "dedicated",
                            "user_data": "eda9f72b8d2af4b57b2ff51aa443e8bbe32546f4",
                            "volume_tags.%": "0",
                            "vpc_security_group_ids.#": "1",
                            "vpc_security_group_ids.2828086687": "sg-41c3fd30"
                        },
                        "meta": {
                            "e2bfb730-ecaa-11e6-8f88-34363bc7c4c0": {
                                "create": 600000000000,
                                "delete": 1200000000000,
                                "update": 600000000000
                            },
                            "schema_version": "1"
                        },
                        "tainted": false
                    },
                    "deposed": [],
                    "provider": "provider.aws"
                },
                "aws_instance.web1": {
                    "type": "aws_instance",
                    "depends_on": [
                        "aws_network_interface.web1-int"
                    ],
                    "primary": {
                        "id": "i-02e35479df71a9814",
                        "attributes": {
                            "ami": "ami-efd0428f",
                            "associate_public_ip_address": "false",
                            "availability_zone": "us-west-2a",
                            "disable_api_termination": "false",
                            "ebs_block_device.#": "0",
                            "ebs_optimized": "false",
                            "ephemeral_block_device.#": "0",
                            "get_password_data": "false",
                            "iam_instance_profile": "",
                            "id": "i-02e35479df71a9814",
                            "instance_initiated_shutdown_behavior": "stop",
                            "instance_state": "running",
                            "instance_type": "m1.small",
                            "ipv6_addresses.#": "0",
                            "key_name": "jfranklin2",
                            "monitoring": "false",
                            "network_interface.#": "1",
                            "network_interface.1706301672.delete_on_termination": "false",
                            "network_interface.1706301672.device_index": "0",
                            "network_interface.1706301672.network_interface_id": "eni-5e6bd5a2",
                            "network_interface_id": "eni-5e6bd5a2",
                            "password_data": "",
                            "placement_group": "",
                            "primary_network_interface_id": "eni-5e6bd5a2",
                            "private_dns": "ip-10-0-2-50.us-west-2.compute.internal",
                            "private_ip": "10.0.2.50",
                            "public_dns": "",
                            "public_ip": "",
                            "root_block_device.#": "1",
                            "root_block_device.0.delete_on_termination": "true",
                            "root_block_device.0.iops": "100",
                            "root_block_device.0.volume_id": "vol-038d0540e146c73c1",
                            "root_block_device.0.volume_size": "8",
                            "root_block_device.0.volume_type": "gp2",
                            "security_groups.#": "0",
                            "source_dest_check": "false",
                            "subnet_id": "subnet-fff462b4",
                            "tags.%": "1",
                            "tags.Name": "WEB-AZ1",
                            "tenancy": "dedicated",
                            "user_data": "782ab22302f6504674615ac27b8df3385384c1e7",
                            "volume_tags.%": "0",
                            "vpc_security_group_ids.#": "1",
                            "vpc_security_group_ids.2828086687": "sg-41c3fd30"
                        },
                        "meta": {
                            "e2bfb730-ecaa-11e6-8f88-34363bc7c4c0": {
                                "create": 600000000000,
                                "delete": 1200000000000,
                                "update": 600000000000
                            },
                            "schema_version": "1"
                        },
                        "tainted": false
                    },
                    "deposed": [],
                    "provider": "provider.aws"
                },
                "aws_instance.web2": {
                    "type": "aws_instance",
                    "depends_on": [
                        "aws_network_interface.web2-int"
                    ],
                    "primary": {
                        "id": "i-0a4aa50c9b111a36a",
                        "attributes": {
                            "ami": "ami-efd0428f",
                            "associate_public_ip_address": "false",
                            "availability_zone": "us-west-2b",
                            "disable_api_termination": "false",
                            "ebs_block_device.#": "0",
                            "ebs_optimized": "false",
                            "ephemeral_block_device.#": "0",
                            "get_password_data": "false",
                            "iam_instance_profile": "",
                            "id": "i-0a4aa50c9b111a36a",
                            "instance_initiated_shutdown_behavior": "stop",
                            "instance_state": "running",
                            "instance_type": "m1.small",
                            "ipv6_addresses.#": "0",
                            "key_name": "jfranklin2",
                            "monitoring": "false",
                            "network_interface.#": "1",
                            "network_interface.1539686907.delete_on_termination": "false",
                            "network_interface.1539686907.device_index": "0",
                            "network_interface.1539686907.network_interface_id": "eni-8bcaa461",
                            "network_interface_id": "eni-8bcaa461",
                            "password_data": "",
                            "placement_group": "",
                            "primary_network_interface_id": "eni-8bcaa461",
                            "private_dns": "ip-10-0-12-50.us-west-2.compute.internal",
                            "private_ip": "10.0.12.50",
                            "public_dns": "",
                            "public_ip": "",
                            "root_block_device.#": "1",
                            "root_block_device.0.delete_on_termination": "true",
                            "root_block_device.0.iops": "100",
                            "root_block_device.0.volume_id": "vol-0919d87443e17a222",
                            "root_block_device.0.volume_size": "8",
                            "root_block_device.0.volume_type": "gp2",
                            "security_groups.#": "0",
                            "source_dest_check": "false",
                            "subnet_id": "subnet-4a86f333",
                            "tags.%": "1",
                            "tags.Name": "WEB-AZ2",
                            "tenancy": "dedicated",
                            "user_data": "441a99222383c798df34cb18cc1a1b4609f54f59",
                            "volume_tags.%": "0",
                            "vpc_security_group_ids.#": "1",
                            "vpc_security_group_ids.2828086687": "sg-41c3fd30"
                        },
                        "meta": {
                            "e2bfb730-ecaa-11e6-8f88-34363bc7c4c0": {
                                "create": 600000000000,
                                "delete": 1200000000000,
                                "update": 600000000000
                            },
                            "schema_version": "1"
                        },
                        "tainted": false
                    },
                    "deposed": [],
                    "provider": "provider.aws"
                },
                "aws_internet_gateway.gw": {
                    "type": "aws_internet_gateway",
                    "depends_on": [
                        "aws_vpc.main"
                    ],
                    "primary": {
                        "id": "igw-901c4df6",
                        "attributes": {
                            "id": "igw-901c4df6",
                            "tags.%": "1",
                            "tags.Name": "internet gw terraform generated",
                            "vpc_id": "vpc-150f1d6c"
                        },
                        "meta": {},
                        "tainted": false
                    },
                    "deposed": [],
                    "provider": "provider.aws"
                },
                "aws_lb.ext-alb": {
                    "type": "aws_lb",
                    "depends_on": [
                        "aws_security_group.sgWideOpen",
                        "aws_subnet.AZ1-UNTRUST",
                        "aws_subnet.AZ2-UNTRUST"
                    ],
                    "primary": {
                        "id": "arn:aws:elasticloadbalancing:us-west-2:315800796174:loadbalancer/app/EXT-ALB/5e3a0516071c9b28",
                        "attributes": {
                            "access_logs.#": "0",
                            "arn": "arn:aws:elasticloadbalancing:us-west-2:315800796174:loadbalancer/app/EXT-ALB/5e3a0516071c9b28",
                            "arn_suffix": "app/EXT-ALB/5e3a0516071c9b28",
                            "dns_name": "EXT-ALB-939401372.us-west-2.elb.amazonaws.com",
                            "enable_deletion_protection": "false",
                            "enable_http2": "true",
                            "id": "arn:aws:elasticloadbalancing:us-west-2:315800796174:loadbalancer/app/EXT-ALB/5e3a0516071c9b28",
                            "idle_timeout": "60",
                            "internal": "false",
                            "ip_address_type": "ipv4",
                            "load_balancer_type": "application",
                            "name": "EXT-ALB",
                            "security_groups.#": "1",
                            "security_groups.2828086687": "sg-41c3fd30",
                            "subnet_mapping.#": "0",
                            "subnets.#": "2",
                            "subnets.1879752219": "subnet-14f3655f",
                            "subnets.986740225": "subnet-7882f701",
                            "tags.%": "0",
                            "vpc_id": "vpc-150f1d6c",
                            "zone_id": "Z1H1FL5HABSF5"
                        },
                        "meta": {
                            "e2bfb730-ecaa-11e6-8f88-34363bc7c4c0": {
                                "create": 600000000000,
                                "delete": 600000000000,
                                "update": 600000000000
                            }
                        },
                        "tainted": false
                    },
                    "deposed": [],
                    "provider": "provider.aws"
                },
                "aws_lb.int-nlb": {
                    "type": "aws_lb",
                    "depends_on": [
                        "aws_subnet.AZ1-TRUST",
                        "aws_subnet.AZ2-TRUST"
                    ],
                    "primary": {
                        "id": "arn:aws:elasticloadbalancing:us-west-2:315800796174:loadbalancer/net/INT-NLB/c26acec8bf726416",
                        "attributes": {
                            "access_logs.#": "1",
                            "arn": "arn:aws:elasticloadbalancing:us-west-2:315800796174:loadbalancer/net/INT-NLB/c26acec8bf726416",
                            "arn_suffix": "net/INT-NLB/c26acec8bf726416",
                            "dns_name": "INT-NLB-c26acec8bf726416.elb.us-west-2.amazonaws.com",
                            "enable_cross_zone_load_balancing": "true",
                            "enable_deletion_protection": "false",
                            "id": "arn:aws:elasticloadbalancing:us-west-2:315800796174:loadbalancer/net/INT-NLB/c26acec8bf726416",
                            "internal": "true",
                            "ip_address_type": "ipv4",
                            "load_balancer_type": "network",
                            "name": "INT-NLB",
                            "security_groups.#": "0",
                            "subnet_mapping.#": "2",
                            "subnet_mapping.2102699852.allocation_id": "",
                            "subnet_mapping.2102699852.subnet_id": "subnet-fff462b4",
                            "subnet_mapping.3079114410.allocation_id": "",
                            "subnet_mapping.3079114410.subnet_id": "subnet-4a86f333",
                            "subnets.#": "2",
                            "subnets.1548979588": "subnet-fff462b4",
                            "subnets.901308789": "subnet-4a86f333",
                            "tags.%": "0",
                            "vpc_id": "vpc-150f1d6c",
                            "zone_id": "Z18D5FSROUN65G"
                        },
                        "meta": {
                            "e2bfb730-ecaa-11e6-8f88-34363bc7c4c0": {
                                "create": 600000000000,
                                "delete": 600000000000,
                                "update": 600000000000
                            }
                        },
                        "tainted": false
                    },
                    "deposed": [],
                    "provider": "provider.aws"
                },
                "aws_lb_listener.ext-alb": {
                    "type": "aws_lb_listener",
                    "depends_on": [
                        "aws_lb.ext-alb",
                        "aws_lb_target_group.fw-tg"
                    ],
                    "primary": {
                        "id": "arn:aws:elasticloadbalancing:us-west-2:315800796174:listener/app/EXT-ALB/5e3a0516071c9b28/dd94b8c9aabcb46e",
                        "attributes": {
                            "arn": "arn:aws:elasticloadbalancing:us-west-2:315800796174:listener/app/EXT-ALB/5e3a0516071c9b28/dd94b8c9aabcb46e",
                            "default_action.#": "1",
                            "default_action.0.target_group_arn": "arn:aws:elasticloadbalancing:us-west-2:315800796174:targetgroup/fw-tg/381f717540c98dd4",
                            "default_action.0.type": "forward",
                            "id": "arn:aws:elasticloadbalancing:us-west-2:315800796174:listener/app/EXT-ALB/5e3a0516071c9b28/dd94b8c9aabcb46e",
                            "load_balancer_arn": "arn:aws:elasticloadbalancing:us-west-2:315800796174:loadbalancer/app/EXT-ALB/5e3a0516071c9b28",
                            "port": "80",
                            "protocol": "HTTP",
                            "ssl_policy": ""
                        },
                        "meta": {},
                        "tainted": false
                    },
                    "deposed": [],
                    "provider": "provider.aws"
                },
                "aws_lb_listener.int-nlb": {
                    "type": "aws_lb_listener",
                    "depends_on": [
                        "aws_lb.int-nlb",
                        "aws_lb_target_group.web-tg"
                    ],
                    "primary": {
                        "id": "arn:aws:elasticloadbalancing:us-west-2:315800796174:listener/net/INT-NLB/c26acec8bf726416/65fecbe2d0663a9a",
                        "attributes": {
                            "arn": "arn:aws:elasticloadbalancing:us-west-2:315800796174:listener/net/INT-NLB/c26acec8bf726416/65fecbe2d0663a9a",
                            "default_action.#": "1",
                            "default_action.0.target_group_arn": "arn:aws:elasticloadbalancing:us-west-2:315800796174:targetgroup/web-tg/f471842b0d1d2229",
                            "default_action.0.type": "forward",
                            "id": "arn:aws:elasticloadbalancing:us-west-2:315800796174:listener/net/INT-NLB/c26acec8bf726416/65fecbe2d0663a9a",
                            "load_balancer_arn": "arn:aws:elasticloadbalancing:us-west-2:315800796174:loadbalancer/net/INT-NLB/c26acec8bf726416",
                            "port": "80",
                            "protocol": "TCP",
                            "ssl_policy": ""
                        },
                        "meta": {},
                        "tainted": false
                    },
                    "deposed": [],
                    "provider": "provider.aws"
                },
                "aws_lb_listener_rule.static": {
                    "type": "aws_lb_listener_rule",
                    "depends_on": [
                        "aws_lb_listener.ext-alb",
                        "aws_lb_target_group.fw-tg"
                    ],
                    "primary": {
                        "id": "arn:aws:elasticloadbalancing:us-west-2:315800796174:listener-rule/app/EXT-ALB/5e3a0516071c9b28/dd94b8c9aabcb46e/8f05ba61b6f92f07",
                        "attributes": {
                            "action.#": "1",
                            "action.0.target_group_arn": "arn:aws:elasticloadbalancing:us-west-2:315800796174:targetgroup/fw-tg/381f717540c98dd4",
                            "action.0.type": "forward",
                            "arn": "arn:aws:elasticloadbalancing:us-west-2:315800796174:listener-rule/app/EXT-ALB/5e3a0516071c9b28/dd94b8c9aabcb46e/8f05ba61b6f92f07",
                            "condition.#": "1",
                            "condition.2611135190.field": "path-pattern",
                            "condition.2611135190.values.#": "1",
                            "condition.2611135190.values.0": "/*",
                            "id": "arn:aws:elasticloadbalancing:us-west-2:315800796174:listener-rule/app/EXT-ALB/5e3a0516071c9b28/dd94b8c9aabcb46e/8f05ba61b6f92f07",
                            "listener_arn": "arn:aws:elasticloadbalancing:us-west-2:315800796174:listener/app/EXT-ALB/5e3a0516071c9b28/dd94b8c9aabcb46e",
                            "priority": "100"
                        },
                        "meta": {},
                        "tainted": false
                    },
                    "deposed": [],
                    "provider": "provider.aws"
                },
                "aws_lb_target_group.fw-tg": {
                    "type": "aws_lb_target_group",
                    "depends_on": [
                        "aws_vpc.main"
                    ],
                    "primary": {
                        "id": "arn:aws:elasticloadbalancing:us-west-2:315800796174:targetgroup/fw-tg/381f717540c98dd4",
                        "attributes": {
                            "arn": "arn:aws:elasticloadbalancing:us-west-2:315800796174:targetgroup/fw-tg/381f717540c98dd4",
                            "arn_suffix": "targetgroup/fw-tg/381f717540c98dd4",
                            "deregistration_delay": "300",
                            "health_check.#": "1",
                            "health_check.0.healthy_threshold": "3",
                            "health_check.0.interval": "30",
                            "health_check.0.matcher": "200",
                            "health_check.0.path": "/",
                            "health_check.0.port": "traffic-port",
                            "health_check.0.protocol": "HTTP",
                            "health_check.0.timeout": "5",
                            "health_check.0.unhealthy_threshold": "3",
                            "id": "arn:aws:elasticloadbalancing:us-west-2:315800796174:targetgroup/fw-tg/381f717540c98dd4",
                            "name": "fw-tg",
                            "port": "80",
                            "protocol": "HTTP",
                            "stickiness.#": "1",
                            "stickiness.0.cookie_duration": "86400",
                            "stickiness.0.enabled": "false",
                            "stickiness.0.type": "lb_cookie",
                            "tags.%": "0",
                            "target_type": "ip",
                            "vpc_id": "vpc-150f1d6c"
                        },
                        "meta": {},
                        "tainted": false
                    },
                    "deposed": [],
                    "provider": "provider.aws"
                },
                "aws_lb_target_group.web-tg": {
                    "type": "aws_lb_target_group",
                    "depends_on": [
                        "aws_vpc.main"
                    ],
                    "primary": {
                        "id": "arn:aws:elasticloadbalancing:us-west-2:315800796174:targetgroup/web-tg/f471842b0d1d2229",
                        "attributes": {
                            "arn": "arn:aws:elasticloadbalancing:us-west-2:315800796174:targetgroup/web-tg/f471842b0d1d2229",
                            "arn_suffix": "targetgroup/web-tg/f471842b0d1d2229",
                            "deregistration_delay": "300",
                            "health_check.#": "1",
                            "health_check.0.healthy_threshold": "3",
                            "health_check.0.interval": "30",
                            "health_check.0.matcher": "",
                            "health_check.0.path": "",
                            "health_check.0.port": "traffic-port",
                            "health_check.0.protocol": "TCP",
                            "health_check.0.timeout": "10",
                            "health_check.0.unhealthy_threshold": "3",
                            "id": "arn:aws:elasticloadbalancing:us-west-2:315800796174:targetgroup/web-tg/f471842b0d1d2229",
                            "name": "web-tg",
                            "port": "80",
                            "protocol": "TCP",
                            "stickiness.#": "0",
                            "tags.%": "0",
                            "target_type": "ip",
                            "vpc_id": "vpc-150f1d6c"
                        },
                        "meta": {},
                        "tainted": false
                    },
                    "deposed": [],
                    "provider": "provider.aws"
                },
                "aws_lb_target_group_attachment.fw1": {
                    "type": "aws_lb_target_group_attachment",
                    "depends_on": [
                        "aws_lb_target_group.fw-tg",
                        "aws_network_interface.FW1-UNTRUST"
                    ],
                    "primary": {
                        "id": "arn:aws:elasticloadbalancing:us-west-2:315800796174:targetgroup/fw-tg/381f717540c98dd4-20180621175656045500000002",
                        "attributes": {
                            "id": "arn:aws:elasticloadbalancing:us-west-2:315800796174:targetgroup/fw-tg/381f717540c98dd4-20180621175656045500000002",
                            "port": "80",
                            "target_group_arn": "arn:aws:elasticloadbalancing:us-west-2:315800796174:targetgroup/fw-tg/381f717540c98dd4",
                            "target_id": "10.0.1.10"
                        },
                        "meta": {},
                        "tainted": false
                    },
                    "deposed": [],
                    "provider": "provider.aws"
                },
                "aws_lb_target_group_attachment.fw2": {
                    "type": "aws_lb_target_group_attachment",
                    "depends_on": [
                        "aws_lb_target_group.fw-tg",
                        "aws_network_interface.FW2-UNTRUST"
                    ],
                    "primary": {
                        "id": "arn:aws:elasticloadbalancing:us-west-2:315800796174:targetgroup/fw-tg/381f717540c98dd4-20180621175656087900000003",
                        "attributes": {
                            "id": "arn:aws:elasticloadbalancing:us-west-2:315800796174:targetgroup/fw-tg/381f717540c98dd4-20180621175656087900000003",
                            "port": "80",
                            "target_group_arn": "arn:aws:elasticloadbalancing:us-west-2:315800796174:targetgroup/fw-tg/381f717540c98dd4",
                            "target_id": "10.0.11.10"
                        },
                        "meta": {},
                        "tainted": false
                    },
                    "deposed": [],
                    "provider": "provider.aws"
                },
                "aws_lb_target_group_attachment.web1": {
                    "type": "aws_lb_target_group_attachment",
                    "depends_on": [
                        "aws_lb_target_group.web-tg",
                        "aws_network_interface.web1-int"
                    ],
                    "primary": {
                        "id": "arn:aws:elasticloadbalancing:us-west-2:315800796174:targetgroup/web-tg/f471842b0d1d2229-20180621175701635300000004",
                        "attributes": {
                            "id": "arn:aws:elasticloadbalancing:us-west-2:315800796174:targetgroup/web-tg/f471842b0d1d2229-20180621175701635300000004",
                            "port": "80",
                            "target_group_arn": "arn:aws:elasticloadbalancing:us-west-2:315800796174:targetgroup/web-tg/f471842b0d1d2229",
                            "target_id": "10.0.2.50"
                        },
                        "meta": {},
                        "tainted": false
                    },
                    "deposed": [],
                    "provider": "provider.aws"
                },
                "aws_lb_target_group_attachment.web2": {
                    "type": "aws_lb_target_group_attachment",
                    "depends_on": [
                        "aws_lb_target_group.web-tg",
                        "aws_network_interface.web2-int"
                    ],
                    "primary": {
                        "id": "arn:aws:elasticloadbalancing:us-west-2:315800796174:targetgroup/web-tg/f471842b0d1d2229-20180621175656027000000001",
                        "attributes": {
                            "id": "arn:aws:elasticloadbalancing:us-west-2:315800796174:targetgroup/web-tg/f471842b0d1d2229-20180621175656027000000001",
                            "port": "80",
                            "target_group_arn": "arn:aws:elasticloadbalancing:us-west-2:315800796174:targetgroup/web-tg/f471842b0d1d2229",
                            "target_id": "10.0.12.50"
                        },
                        "meta": {},
                        "tainted": false
                    },
                    "deposed": [],
                    "provider": "provider.aws"
                },
                "aws_network_acl.all": {
                    "type": "aws_network_acl",
                    "depends_on": [
                        "aws_vpc.main"
                    ],
                    "primary": {
                        "id": "acl-29c5aa51",
                        "attributes": {
                            "egress.#": "1",
                            "egress.2943206146.action": "allow",
                            "egress.2943206146.cidr_block": "0.0.0.0/0",
                            "egress.2943206146.from_port": "0",
                            "egress.2943206146.icmp_code": "0",
                            "egress.2943206146.icmp_type": "0",
                            "egress.2943206146.ipv6_cidr_block": "",
                            "egress.2943206146.protocol": "-1",
                            "egress.2943206146.rule_no": "2",
                            "egress.2943206146.to_port": "0",
                            "id": "acl-29c5aa51",
                            "ingress.#": "1",
                            "ingress.1564094202.action": "allow",
                            "ingress.1564094202.cidr_block": "0.0.0.0/0",
                            "ingress.1564094202.from_port": "0",
                            "ingress.1564094202.icmp_code": "0",
                            "ingress.1564094202.icmp_type": "0",
                            "ingress.1564094202.ipv6_cidr_block": "",
                            "ingress.1564094202.protocol": "-1",
                            "ingress.1564094202.rule_no": "1",
                            "ingress.1564094202.to_port": "0",
                            "subnet_ids.#": "0",
                            "tags.%": "1",
                            "tags.Name": "open acl",
                            "vpc_id": "vpc-150f1d6c"
                        },
                        "meta": {},
                        "tainted": false
                    },
                    "deposed": [],
                    "provider": "provider.aws"
                },
                "aws_network_interface.FW1-MGT": {
                    "type": "aws_network_interface",
                    "depends_on": [
                        "aws_security_group.sgWideOpen",
                        "aws_subnet.AZ1-MGT"
                    ],
                    "primary": {
                        "id": "eni-e16fd11d",
                        "attributes": {
                            "attachment.#": "1",
                            "attachment.1758268709.attachment_id": "eni-attach-dd371415",
                            "attachment.1758268709.device_index": "0",
                            "attachment.1758268709.instance": "i-024c2c016c810bcf4",
                            "description": "",
                            "id": "eni-e16fd11d",
                            "private_dns_name": "",
                            "private_ip": "10.0.0.10",
                            "private_ips.#": "1",
                            "private_ips.2650530590": "10.0.0.10",
                            "security_groups.#": "1",
                            "security_groups.2828086687": "sg-41c3fd30",
                            "source_dest_check": "false",
                            "subnet_id": "subnet-91f066da",
                            "tags.%": "0"
                        },
                        "meta": {},
                        "tainted": false
                    },
                    "deposed": [],
                    "provider": "provider.aws"
                },
                "aws_network_interface.FW1-TRUST": {
                    "type": "aws_network_interface",
                    "depends_on": [
                        "aws_security_group.sgWideOpen",
                        "aws_subnet.AZ1-TRUST"
                    ],
                    "primary": {
                        "id": "eni-096fd1f5",
                        "attributes": {
                            "attachment.#": "1",
                            "attachment.1526427559.attachment_id": "eni-attach-db371413",
                            "attachment.1526427559.device_index": "2",
                            "attachment.1526427559.instance": "i-024c2c016c810bcf4",
                            "description": "",
                            "id": "eni-096fd1f5",
                            "private_dns_name": "",
                            "private_ip": "10.0.2.10",
                            "private_ips.#": "1",
                            "private_ips.938617749": "10.0.2.10",
                            "security_groups.#": "1",
                            "security_groups.2828086687": "sg-41c3fd30",
                            "source_dest_check": "false",
                            "subnet_id": "subnet-fff462b4",
                            "tags.%": "0"
                        },
                        "meta": {},
                        "tainted": false
                    },
                    "deposed": [],
                    "provider": "provider.aws"
                },
                "aws_network_interface.FW1-UNTRUST": {
                    "type": "aws_network_interface",
                    "depends_on": [
                        "aws_security_group.sgWideOpen",
                        "aws_subnet.AZ1-UNTRUST"
                    ],
                    "primary": {
                        "id": "eni-8a6dd376",
                        "attributes": {
                            "attachment.#": "1",
                            "attachment.1909865572.attachment_id": "eni-attach-da371412",
                            "attachment.1909865572.device_index": "1",
                            "attachment.1909865572.instance": "i-024c2c016c810bcf4",
                            "description": "",
                            "id": "eni-8a6dd376",
                            "private_dns_name": "",
                            "private_ip": "10.0.1.10",
                            "private_ips.#": "1",
                            "private_ips.625443963": "10.0.1.10",
                            "security_groups.#": "1",
                            "security_groups.2828086687": "sg-41c3fd30",
                            "source_dest_check": "false",
                            "subnet_id": "subnet-14f3655f",
                            "tags.%": "0"
                        },
                        "meta": {},
                        "tainted": false
                    },
                    "deposed": [],
                    "provider": "provider.aws"
                },
                "aws_network_interface.FW2-MGT": {
                    "type": "aws_network_interface",
                    "depends_on": [
                        "aws_security_group.sgWideOpen",
                        "aws_subnet.AZ2-MGT"
                    ],
                    "primary": {
                        "id": "eni-0ecca2e4",
                        "attributes": {
                            "attachment.#": "1",
                            "attachment.18450271.attachment_id": "eni-attach-81840841",
                            "attachment.18450271.device_index": "0",
                            "attachment.18450271.instance": "i-02591be306b1334c1",
                            "description": "",
                            "id": "eni-0ecca2e4",
                            "private_dns_name": "",
                            "private_ip": "10.0.10.10",
                            "private_ips.#": "1",
                            "private_ips.2374944177": "10.0.10.10",
                            "security_groups.#": "1",
                            "security_groups.2828086687": "sg-41c3fd30",
                            "source_dest_check": "false",
                            "subnet_id": "subnet-648df81d",
                            "tags.%": "0"
                        },
                        "meta": {},
                        "tainted": false
                    },
                    "deposed": [],
                    "provider": "provider.aws"
                },
                "aws_network_interface.FW2-TRUST": {
                    "type": "aws_network_interface",
                    "depends_on": [
                        "aws_security_group.sgWideOpen",
                        "aws_subnet.AZ2-TRUST"
                    ],
                    "primary": {
                        "id": "eni-65cba58f",
                        "attributes": {
                            "attachment.#": "1",
                            "attachment.858777053.attachment_id": "eni-attach-8e84084e",
                            "attachment.858777053.device_index": "2",
                            "attachment.858777053.instance": "i-02591be306b1334c1",
                            "description": "",
                            "id": "eni-65cba58f",
                            "private_dns_name": "",
                            "private_ip": "10.0.12.10",
                            "private_ips.#": "1",
                            "private_ips.663162170": "10.0.12.10",
                            "security_groups.#": "1",
                            "security_groups.2828086687": "sg-41c3fd30",
                            "source_dest_check": "false",
                            "subnet_id": "subnet-4a86f333",
                            "tags.%": "0"
                        },
                        "meta": {},
                        "tainted": false
                    },
                    "deposed": [],
                    "provider": "provider.aws"
                },
                "aws_network_interface.FW2-UNTRUST": {
                    "type": "aws_network_interface",
                    "depends_on": [
                        "aws_security_group.sgWideOpen",
                        "aws_subnet.AZ2-UNTRUST"
                    ],
                    "primary": {
                        "id": "eni-c6cba52c",
                        "attributes": {
                            "attachment.#": "1",
                            "attachment.402830878.attachment_id": "eni-attach-8f84084f",
                            "attachment.402830878.device_index": "1",
                            "attachment.402830878.instance": "i-02591be306b1334c1",
                            "description": "",
                            "id": "eni-c6cba52c",
                            "private_dns_name": "",
                            "private_ip": "10.0.11.10",
                            "private_ips.#": "1",
                            "private_ips.892510932": "10.0.11.10",
                            "security_groups.#": "1",
                            "security_groups.2828086687": "sg-41c3fd30",
                            "source_dest_check": "false",
                            "subnet_id": "subnet-7882f701",
                            "tags.%": "0"
                        },
                        "meta": {},
                        "tainted": false
                    },
                    "deposed": [],
                    "provider": "provider.aws"
                },
                "aws_network_interface.web1-int": {
                    "type": "aws_network_interface",
                    "depends_on": [
                        "aws_security_group.sgWideOpen",
                        "aws_subnet.AZ1-TRUST"
                    ],
                    "primary": {
                        "id": "eni-5e6bd5a2",
                        "attributes": {
                            "attachment.#": "1",
                            "attachment.2318505827.attachment_id": "eni-attach-2d3714e5",
                            "attachment.2318505827.device_index": "0",
                            "attachment.2318505827.instance": "i-02e35479df71a9814",
                            "description": "",
                            "id": "eni-5e6bd5a2",
                            "private_dns_name": "",
                            "private_ip": "10.0.2.50",
                            "private_ips.#": "1",
                            "private_ips.1402924689": "10.0.2.50",
                            "security_groups.#": "1",
                            "security_groups.2828086687": "sg-41c3fd30",
                            "source_dest_check": "false",
                            "subnet_id": "subnet-fff462b4",
                            "tags.%": "0"
                        },
                        "meta": {},
                        "tainted": false
                    },
                    "deposed": [],
                    "provider": "provider.aws"
                },
                "aws_network_interface.web2-int": {
                    "type": "aws_network_interface",
                    "depends_on": [
                        "aws_security_group.sgWideOpen",
                        "aws_subnet.AZ2-TRUST"
                    ],
                    "primary": {
                        "id": "eni-8bcaa461",
                        "attributes": {
                            "attachment.#": "1",
                            "attachment.533351377.attachment_id": "eni-attach-3d8b07fd",
                            "attachment.533351377.device_index": "0",
                            "attachment.533351377.instance": "i-0a4aa50c9b111a36a",
                            "description": "",
                            "id": "eni-8bcaa461",
                            "private_dns_name": "",
                            "private_ip": "10.0.12.50",
                            "private_ips.#": "1",
                            "private_ips.1139525694": "10.0.12.50",
                            "security_groups.#": "1",
                            "security_groups.2828086687": "sg-41c3fd30",
                            "source_dest_check": "false",
                            "subnet_id": "subnet-4a86f333",
                            "tags.%": "0"
                        },
                        "meta": {},
                        "tainted": false
                    },
                    "deposed": [],
                    "provider": "provider.aws"
                },
                "aws_route_table.private": {
                    "type": "aws_route_table",
                    "depends_on": [
                        "aws_vpc.main"
                    ],
                    "primary": {
                        "id": "rtb-a403eddf",
                        "attributes": {
                            "id": "rtb-a403eddf",
                            "propagating_vgws.#": "0",
                            "route.#": "0",
                            "tags.%": "0",
                            "vpc_id": "vpc-150f1d6c"
                        },
                        "meta": {},
                        "tainted": false
                    },
                    "deposed": [],
                    "provider": "provider.aws"
                },
                "aws_route_table.public": {
                    "type": "aws_route_table",
                    "depends_on": [
                        "aws_internet_gateway.gw",
                        "aws_vpc.main"
                    ],
                    "primary": {
                        "id": "rtb-841ff1ff",
                        "attributes": {
                            "id": "rtb-841ff1ff",
                            "propagating_vgws.#": "0",
                            "route.#": "1",
                            "route.1676817405.cidr_block": "0.0.0.0/0",
                            "route.1676817405.egress_only_gateway_id": "",
                            "route.1676817405.gateway_id": "igw-901c4df6",
                            "route.1676817405.instance_id": "",
                            "route.1676817405.ipv6_cidr_block": "",
                            "route.1676817405.nat_gateway_id": "",
                            "route.1676817405.network_interface_id": "",
                            "route.1676817405.vpc_peering_connection_id": "",
                            "tags.%": "1",
                            "tags.Name": "Public",
                            "vpc_id": "vpc-150f1d6c"
                        },
                        "meta": {},
                        "tainted": false
                    },
                    "deposed": [],
                    "provider": "provider.aws"
                },
                "aws_route_table_association.subnetroute1": {
                    "type": "aws_route_table_association",
                    "depends_on": [
                        "aws_route_table.public",
                        "aws_subnet.AZ1-UNTRUST"
                    ],
                    "primary": {
                        "id": "rtbassoc-596b8224",
                        "attributes": {
                            "id": "rtbassoc-596b8224",
                            "route_table_id": "rtb-841ff1ff",
                            "subnet_id": "subnet-14f3655f"
                        },
                        "meta": {},
                        "tainted": false
                    },
                    "deposed": [],
                    "provider": "provider.aws"
                },
                "aws_route_table_association.subnetroute2": {
                    "type": "aws_route_table_association",
                    "depends_on": [
                        "aws_route_table.public",
                        "aws_subnet.AZ1-MGT"
                    ],
                    "primary": {
                        "id": "rtbassoc-5115fc2c",
                        "attributes": {
                            "id": "rtbassoc-5115fc2c",
                            "route_table_id": "rtb-841ff1ff",
                            "subnet_id": "subnet-91f066da"
                        },
                        "meta": {},
                        "tainted": false
                    },
                    "deposed": [],
                    "provider": "provider.aws"
                },
                "aws_route_table_association.subnetroute3": {
                    "type": "aws_route_table_association",
                    "depends_on": [
                        "aws_route_table.public",
                        "aws_subnet.AZ2-UNTRUST"
                    ],
                    "primary": {
                        "id": "rtbassoc-826980ff",
                        "attributes": {
                            "id": "rtbassoc-826980ff",
                            "route_table_id": "rtb-841ff1ff",
                            "subnet_id": "subnet-7882f701"
                        },
                        "meta": {},
                        "tainted": false
                    },
                    "deposed": [],
                    "provider": "provider.aws"
                },
                "aws_route_table_association.subnetroute4": {
                    "type": "aws_route_table_association",
                    "depends_on": [
                        "aws_route_table.public",
                        "aws_subnet.AZ2-MGT"
                    ],
                    "primary": {
                        "id": "rtbassoc-1f688162",
                        "attributes": {
                            "id": "rtbassoc-1f688162",
                            "route_table_id": "rtb-841ff1ff",
                            "subnet_id": "subnet-648df81d"
                        },
                        "meta": {},
                        "tainted": false
                    },
                    "deposed": [],
                    "provider": "provider.aws"
                },
                "aws_route_table_association.subnetroute5": {
                    "type": "aws_route_table_association",
                    "depends_on": [
                        "aws_route_table.public",
                        "aws_subnet.AZ1-TRUST"
                    ],
                    "primary": {
                        "id": "rtbassoc-1e688163",
                        "attributes": {
                            "id": "rtbassoc-1e688163",
                            "route_table_id": "rtb-841ff1ff",
                            "subnet_id": "subnet-fff462b4"
                        },
                        "meta": {},
                        "tainted": false
                    },
                    "deposed": [],
                    "provider": "provider.aws"
                },
                "aws_route_table_association.subnetroute6": {
                    "type": "aws_route_table_association",
                    "depends_on": [
                        "aws_route_table.public",
                        "aws_subnet.AZ2-TRUST"
                    ],
                    "primary": {
                        "id": "rtbassoc-5216ff2f",
                        "attributes": {
                            "id": "rtbassoc-5216ff2f",
                            "route_table_id": "rtb-841ff1ff",
                            "subnet_id": "subnet-4a86f333"
                        },
                        "meta": {},
                        "tainted": false
                    },
                    "deposed": [],
                    "provider": "provider.aws"
                },
                "aws_security_group.sgWideOpen": {
                    "type": "aws_security_group",
                    "depends_on": [
                        "aws_vpc.main"
                    ],
                    "primary": {
                        "id": "sg-41c3fd30",
                        "attributes": {
                            "arn": "arn:aws:ec2:us-west-2:315800796174:security-group/sg-41c3fd30",
                            "description": "Wide open security group",
                            "egress.#": "1",
                            "egress.482069346.cidr_blocks.#": "1",
                            "egress.482069346.cidr_blocks.0": "0.0.0.0/0",
                            "egress.482069346.description": "",
                            "egress.482069346.from_port": "0",
                            "egress.482069346.ipv6_cidr_blocks.#": "0",
                            "egress.482069346.prefix_list_ids.#": "0",
                            "egress.482069346.protocol": "-1",
                            "egress.482069346.security_groups.#": "0",
                            "egress.482069346.self": "false",
                            "egress.482069346.to_port": "0",
                            "id": "sg-41c3fd30",
                            "ingress.#": "1",
                            "ingress.482069346.cidr_blocks.#": "1",
                            "ingress.482069346.cidr_blocks.0": "0.0.0.0/0",
                            "ingress.482069346.description": "",
                            "ingress.482069346.from_port": "0",
                            "ingress.482069346.ipv6_cidr_blocks.#": "0",
                            "ingress.482069346.protocol": "-1",
                            "ingress.482069346.security_groups.#": "0",
                            "ingress.482069346.self": "false",
                            "ingress.482069346.to_port": "0",
                            "name": "sgWideOpen",
                            "owner_id": "315800796174",
                            "revoke_rules_on_delete": "false",
                            "tags.%": "0",
                            "vpc_id": "vpc-150f1d6c"
                        },
                        "meta": {
                            "e2bfb730-ecaa-11e6-8f88-34363bc7c4c0": {
                                "create": 600000000000,
                                "delete": 600000000000
                            },
                            "schema_version": "1"
                        },
                        "tainted": false
                    },
                    "deposed": [],
                    "provider": "provider.aws"
                },
                "aws_subnet.AZ1-MGT": {
                    "type": "aws_subnet",
                    "depends_on": [
                        "aws_vpc.main",
                        "data.aws_availability_zones.available"
                    ],
                    "primary": {
                        "id": "subnet-91f066da",
                        "attributes": {
                            "assign_ipv6_address_on_creation": "false",
                            "availability_zone": "us-west-2a",
                            "cidr_block": "10.0.0.0/24",
                            "id": "subnet-91f066da",
                            "map_public_ip_on_launch": "false",
                            "tags.%": "1",
                            "tags.Name": "AZ1-MGT",
                            "vpc_id": "vpc-150f1d6c"
                        },
                        "meta": {
                            "schema_version": "1"
                        },
                        "tainted": false
                    },
                    "deposed": [],
                    "provider": "provider.aws"
                },
                "aws_subnet.AZ1-TRUST": {
                    "type": "aws_subnet",
                    "depends_on": [
                        "aws_vpc.main",
                        "data.aws_availability_zones.available"
                    ],
                    "primary": {
                        "id": "subnet-fff462b4",
                        "attributes": {
                            "assign_ipv6_address_on_creation": "false",
                            "availability_zone": "us-west-2a",
                            "cidr_block": "10.0.2.0/24",
                            "id": "subnet-fff462b4",
                            "map_public_ip_on_launch": "false",
                            "tags.%": "1",
                            "tags.Name": "AZ1-TRUST",
                            "vpc_id": "vpc-150f1d6c"
                        },
                        "meta": {
                            "schema_version": "1"
                        },
                        "tainted": false
                    },
                    "deposed": [],
                    "provider": "provider.aws"
                },
                "aws_subnet.AZ1-UNTRUST": {
                    "type": "aws_subnet",
                    "depends_on": [
                        "aws_vpc.main",
                        "data.aws_availability_zones.available"
                    ],
                    "primary": {
                        "id": "subnet-14f3655f",
                        "attributes": {
                            "assign_ipv6_address_on_creation": "false",
                            "availability_zone": "us-west-2a",
                            "cidr_block": "10.0.1.0/24",
                            "id": "subnet-14f3655f",
                            "map_public_ip_on_launch": "false",
                            "tags.%": "1",
                            "tags.Name": "AZ1-UNTRUST",
                            "vpc_id": "vpc-150f1d6c"
                        },
                        "meta": {
                            "schema_version": "1"
                        },
                        "tainted": false
                    },
                    "deposed": [],
                    "provider": "provider.aws"
                },
                "aws_subnet.AZ2-MGT": {
                    "type": "aws_subnet",
                    "depends_on": [
                        "aws_vpc.main",
                        "data.aws_availability_zones.available"
                    ],
                    "primary": {
                        "id": "subnet-648df81d",
                        "attributes": {
                            "assign_ipv6_address_on_creation": "false",
                            "availability_zone": "us-west-2b",
                            "cidr_block": "10.0.10.0/24",
                            "id": "subnet-648df81d",
                            "map_public_ip_on_launch": "false",
                            "tags.%": "1",
                            "tags.Name": "AZ2-MGT",
                            "vpc_id": "vpc-150f1d6c"
                        },
                        "meta": {
                            "schema_version": "1"
                        },
                        "tainted": false
                    },
                    "deposed": [],
                    "provider": "provider.aws"
                },
                "aws_subnet.AZ2-TRUST": {
                    "type": "aws_subnet",
                    "depends_on": [
                        "aws_vpc.main",
                        "data.aws_availability_zones.available"
                    ],
                    "primary": {
                        "id": "subnet-4a86f333",
                        "attributes": {
                            "assign_ipv6_address_on_creation": "false",
                            "availability_zone": "us-west-2b",
                            "cidr_block": "10.0.12.0/24",
                            "id": "subnet-4a86f333",
                            "map_public_ip_on_launch": "false",
                            "tags.%": "1",
                            "tags.Name": "AZ2-TRUST",
                            "vpc_id": "vpc-150f1d6c"
                        },
                        "meta": {
                            "schema_version": "1"
                        },
                        "tainted": false
                    },
                    "deposed": [],
                    "provider": "provider.aws"
                },
                "aws_subnet.AZ2-UNTRUST": {
                    "type": "aws_subnet",
                    "depends_on": [
                        "aws_vpc.main",
                        "data.aws_availability_zones.available"
                    ],
                    "primary": {
                        "id": "subnet-7882f701",
                        "attributes": {
                            "assign_ipv6_address_on_creation": "false",
                            "availability_zone": "us-west-2b",
                            "cidr_block": "10.0.11.0/24",
                            "id": "subnet-7882f701",
                            "map_public_ip_on_launch": "false",
                            "tags.%": "1",
                            "tags.Name": "AZ2-UNTRUST",
                            "vpc_id": "vpc-150f1d6c"
                        },
                        "meta": {
                            "schema_version": "1"
                        },
                        "tainted": false
                    },
                    "deposed": [],
                    "provider": "provider.aws"
                },
                "aws_vpc.main": {
                    "type": "aws_vpc",
                    "depends_on": [],
                    "primary": {
                        "id": "vpc-150f1d6c",
                        "attributes": {
                            "assign_generated_ipv6_cidr_block": "false",
                            "cidr_block": "10.0.0.0/16",
                            "default_network_acl_id": "acl-c8caa5b0",
                            "default_route_table_id": "rtb-ad03edd6",
                            "default_security_group_id": "sg-29c7f958",
                            "dhcp_options_id": "dopt-f2ec1897",
                            "enable_classiclink": "false",
                            "enable_classiclink_dns_support": "false",
                            "enable_dns_hostnames": "false",
                            "enable_dns_support": "true",
                            "id": "vpc-150f1d6c",
                            "instance_tenancy": "dedicated",
                            "main_route_table_id": "rtb-ad03edd6",
                            "tags.%": "1",
                            "tags.Name": "main"
                        },
                        "meta": {
                            "schema_version": "1"
                        },
                        "tainted": false
                    },
                    "deposed": [],
                    "provider": "provider.aws"
                },
                "data.aws_availability_zones.available": {
                    "type": "aws_availability_zones",
                    "depends_on": [],
                    "primary": {
                        "id": "2018-06-21 18:58:55.410262 +0000 UTC",
                        "attributes": {
                            "id": "2018-06-21 18:58:55.410262 +0000 UTC",
                            "names.#": "3",
                            "names.0": "us-west-2a",
                            "names.1": "us-west-2b",
                            "names.2": "us-west-2c"
                        },
                        "meta": {},
                        "tainted": false
                    },
                    "deposed": [],
                    "provider": "provider.aws"
                }
            },
            "depends_on": []
        }
    ]
}
